
Microsoft Visual Studio Solution File, Format Version 12.00
# Visual Studio Version 16
VisualStudioVersion = 16.0.30503.244
MinimumVisualStudioVersion = 10.0.40219.1
Project("{FAE04EC0-301F-11D3-BF4B-00C04F79EFBC}") = "StudentSatisfactoryBackend", "StudentSatisfactoryBackend.csproj", "{BA0DC251-5D49-4668-9184-69C06E1418EA}"
EndProject
Global
	GlobalSection(SolutionConfigurationPlatforms) = preSolution
		Debug|Any CPU = Debug|Any CPU
		Release|Any CPU = Release|Any CPU
	EndGlobalSection
	GlobalSection(ProjectConfigurationPlatforms) = postSolution
		{BA0DC251-5D49-4668-9184-69C06E1418EA}.Debug|Any CPU.ActiveCfg = Debug|Any CPU
		{BA0DC251-5D49-4668-9184-69C06E1418EA}.Debug|Any CPU.Build.0 = Debug|Any CPU
		{BA0DC251-5D49-4668-9184-69C06E1418EA}.Release|Any CPU.ActiveCfg = Release|Any CPU
		{BA0DC251-5D49-4668-9184-69C06E1418EA}.Release|Any CPU.Build.0 = Release|Any CPU
	EndGlobalSection
	GlobalSection(SolutionProperties) = preSolution
		HideSolutionNode = FALSE
	EndGlobalSection
	GlobalSection(ExtensibilityGlobals) = postSolution
		SolutionGuid = {AF4002B2-EC79-4316-A8FF-A3C751817201}
	EndGlobalSection
EndGlobal
